# This file is automatically @generated by Cargo.
# It is not intended for manual editing.
version = 3

[[package]]
name = "RustyXssDetector"
version = "0.1.0"
dependencies = [
 "htmlstream",
]

[[package]]
name = "htmlstream"
version = "0.1.3"
source = "registry+https://github.com/rust-lang/crates.io-index"
checksum = "30c80fc2df505753b4128a39e8fdbf368aecbf19865c6fc5870c8c740f42324d"
